
Microsoft Visual Studio Solution File, Format Version 12.00
# Visual Studio Version 16
VisualStudioVersion = 16.0.30907.101
MinimumVisualStudioVersion = 10.0.40219.1
Project("{FAE04EC0-301F-11D3-BF4B-00C04F79EFBC}") = "Calculator", "Calculator\Calculator.csproj", "{AB38F468-C192-4302-8F91-3D16FB6A460B}"
EndProject
Global
	GlobalSection(SolutionConfigurationPlatforms) = preSolution
		Debug|Any CPU = Debug|Any CPU
		Release|Any CPU = Release|Any CPU
	EndGlobalSection
	GlobalSection(ProjectConfigurationPlatforms) = postSolution
		{AB38F468-C192-4302-8F91-3D16FB6A460B}.Debug|Any CPU.ActiveCfg = Debug|Any CPU
		{AB38F468-C192-4302-8F91-3D16FB6A460B}.Debug|Any CPU.Build.0 = Debug|Any CPU
		{AB38F468-C192-4302-8F91-3D16FB6A460B}.Release|Any CPU.ActiveCfg = Release|Any CPU
		{AB38F468-C192-4302-8F91-3D16FB6A460B}.Release|Any CPU.Build.0 = Release|Any CPU
	EndGlobalSection
	GlobalSection(SolutionProperties) = preSolution
		HideSolutionNode = FALSE
	EndGlobalSection
	GlobalSection(ExtensibilityGlobals) = postSolution
		SolutionGuid = {F7063B50-1D53-4AD6-9ED5-4D8A817F871E}
	EndGlobalSection
EndGlobal
